
Microsoft Visual Studio Solution File, Format Version 12.00
# Visual Studio 2013
VisualStudioVersion = 12.0.40629.0
MinimumVisualStudioVersion = 10.0.40219.1
Project("{FAE04EC0-301F-11D3-BF4B-00C04F79EFBC}") = "MWS.Domain", "MWS.Domain\MWS.Domain.csproj", "{9B9982CA-71DB-4511-90AC-38EE63F5BDD2}"
EndProject
Project("{2150E333-8FDC-42A3-9474-1A3956D46DE8}") = "5 - Tests", "5 - Tests", "{04EF0E50-C045-45DA-9576-486220E49F45}"
EndProject
Project("{2150E333-8FDC-42A3-9474-1A3956D46DE8}") = "3 - Domain", "3 - Domain", "{CD7B415D-DC78-423A-A7A9-AE1D0D68C3C9}"
EndProject
Project("{FAE04EC0-301F-11D3-BF4B-00C04F79EFBC}") = "MWS.Domain.Tests", "MWS.Domain.Tests\MWS.Domain.Tests.csproj", "{11305D35-18A8-4E71-9A21-C2E97F0D8520}"
EndProject
Project("{FAE04EC0-301F-11D3-BF4B-00C04F79EFBC}") = "MWS.SharedKernel", "MWS.SharedKernel\MWS.SharedKernel.csproj", "{50F95530-B6A2-4381-BC38-433D57058BB3}"
EndProject
Project("{2150E333-8FDC-42A3-9474-1A3956D46DE8}") = "4 - Infrastructure", "4 - Infrastructure", "{D12204BF-E691-457C-A273-30C4A0594F58}"
EndProject
Project("{FAE04EC0-301F-11D3-BF4B-00C04F79EFBC}") = "MWS.Infra", "MWS.Infra\MWS.Infra.csproj", "{564892F6-EF67-4F63-9769-4802C005452B}"
EndProject
Project("{2150E333-8FDC-42A3-9474-1A3956D46DE8}") = "2 - ApplicationService", "2 - ApplicationService", "{661B7EA4-A0D4-4E46-B21C-A0272114C934}"
EndProject
Project("{FAE04EC0-301F-11D3-BF4B-00C04F79EFBC}") = "MWS.ApplicationService", "MWS.ApplicationService\MWS.ApplicationService.csproj", "{D689A803-466B-46C6-B948-4DCB6871BCBB}"
EndProject
Project("{FAE04EC0-301F-11D3-BF4B-00C04F79EFBC}") = "MWS.CrossCutting", "MWS.CrossCutting\MWS.CrossCutting.csproj", "{9030C5A1-9CB9-4359-B843-13AA876B3FCE}"
EndProject
Project("{2150E333-8FDC-42A3-9474-1A3956D46DE8}") = "1 - API", "1 - API", "{65BE4FF3-82F4-4DAF-B26E-6364FCBAB6BC}"
EndProject
Project("{FAE04EC0-301F-11D3-BF4B-00C04F79EFBC}") = "MWS.Api", "MWS.Api\MWS.Api.csproj", "{F3A85617-A8FB-41E7-8F93-466B4E5213B8}"
EndProject
Global
	GlobalSection(SolutionConfigurationPlatforms) = preSolution
		Debug|Any CPU = Debug|Any CPU
		Release|Any CPU = Release|Any CPU
	EndGlobalSection
	GlobalSection(ProjectConfigurationPlatforms) = postSolution
		{9B9982CA-71DB-4511-90AC-38EE63F5BDD2}.Debug|Any CPU.ActiveCfg = Debug|Any CPU
		{9B9982CA-71DB-4511-90AC-38EE63F5BDD2}.Debug|Any CPU.Build.0 = Debug|Any CPU
		{9B9982CA-71DB-4511-90AC-38EE63F5BDD2}.Release|Any CPU.ActiveCfg = Release|Any CPU
		{9B9982CA-71DB-4511-90AC-38EE63F5BDD2}.Release|Any CPU.Build.0 = Release|Any CPU
		{11305D35-18A8-4E71-9A21-C2E97F0D8520}.Debug|Any CPU.ActiveCfg = Debug|Any CPU
		{11305D35-18A8-4E71-9A21-C2E97F0D8520}.Debug|Any CPU.Build.0 = Debug|Any CPU
		{11305D35-18A8-4E71-9A21-C2E97F0D8520}.Release|Any CPU.ActiveCfg = Release|Any CPU
		{11305D35-18A8-4E71-9A21-C2E97F0D8520}.Release|Any CPU.Build.0 = Release|Any CPU
		{50F95530-B6A2-4381-BC38-433D57058BB3}.Debug|Any CPU.ActiveCfg = Debug|Any CPU
		{50F95530-B6A2-4381-BC38-433D57058BB3}.Debug|Any CPU.Build.0 = Debug|Any CPU
		{50F95530-B6A2-4381-BC38-433D57058BB3}.Release|Any CPU.ActiveCfg = Release|Any CPU
		{50F95530-B6A2-4381-BC38-433D57058BB3}.Release|Any CPU.Build.0 = Release|Any CPU
		{564892F6-EF67-4F63-9769-4802C005452B}.Debug|Any CPU.ActiveCfg = Debug|Any CPU
		{564892F6-EF67-4F63-9769-4802C005452B}.Debug|Any CPU.Build.0 = Debug|Any CPU
		{564892F6-EF67-4F63-9769-4802C005452B}.Release|Any CPU.ActiveCfg = Release|Any CPU
		{564892F6-EF67-4F63-9769-4802C005452B}.Release|Any CPU.Build.0 = Release|Any CPU
		{D689A803-466B-46C6-B948-4DCB6871BCBB}.Debug|Any CPU.ActiveCfg = Debug|Any CPU
		{D689A803-466B-46C6-B948-4DCB6871BCBB}.Debug|Any CPU.Build.0 = Debug|Any CPU
		{D689A803-466B-46C6-B948-4DCB6871BCBB}.Release|Any CPU.ActiveCfg = Release|Any CPU
		{D689A803-466B-46C6-B948-4DCB6871BCBB}.Release|Any CPU.Build.0 = Release|Any CPU
		{9030C5A1-9CB9-4359-B843-13AA876B3FCE}.Debug|Any CPU.ActiveCfg = Debug|Any CPU
		{9030C5A1-9CB9-4359-B843-13AA876B3FCE}.Debug|Any CPU.Build.0 = Debug|Any CPU
		{9030C5A1-9CB9-4359-B843-13AA876B3FCE}.Release|Any CPU.ActiveCfg = Release|Any CPU
		{9030C5A1-9CB9-4359-B843-13AA876B3FCE}.Release|Any CPU.Build.0 = Release|Any CPU
		{F3A85617-A8FB-41E7-8F93-466B4E5213B8}.Debug|Any CPU.ActiveCfg = Debug|Any CPU
		{F3A85617-A8FB-41E7-8F93-466B4E5213B8}.Debug|Any CPU.Build.0 = Debug|Any CPU
		{F3A85617-A8FB-41E7-8F93-466B4E5213B8}.Release|Any CPU.ActiveCfg = Release|Any CPU
		{F3A85617-A8FB-41E7-8F93-466B4E5213B8}.Release|Any CPU.Build.0 = Release|Any CPU
	EndGlobalSection
	GlobalSection(SolutionProperties) = preSolution
		HideSolutionNode = FALSE
	EndGlobalSection
	GlobalSection(NestedProjects) = preSolution
		{9B9982CA-71DB-4511-90AC-38EE63F5BDD2} = {CD7B415D-DC78-423A-A7A9-AE1D0D68C3C9}
		{11305D35-18A8-4E71-9A21-C2E97F0D8520} = {04EF0E50-C045-45DA-9576-486220E49F45}
		{50F95530-B6A2-4381-BC38-433D57058BB3} = {CD7B415D-DC78-423A-A7A9-AE1D0D68C3C9}
		{564892F6-EF67-4F63-9769-4802C005452B} = {D12204BF-E691-457C-A273-30C4A0594F58}
		{D689A803-466B-46C6-B948-4DCB6871BCBB} = {661B7EA4-A0D4-4E46-B21C-A0272114C934}
		{9030C5A1-9CB9-4359-B843-13AA876B3FCE} = {D12204BF-E691-457C-A273-30C4A0594F58}
		{F3A85617-A8FB-41E7-8F93-466B4E5213B8} = {65BE4FF3-82F4-4DAF-B26E-6364FCBAB6BC}
	EndGlobalSection
EndGlobal
